
Microsoft Visual Studio Solution File, Format Version 12.00
# Visual Studio Version 17
VisualStudioVersion = 17.2.32630.192
MinimumVisualStudioVersion = 10.0.40219.1
Project("{9A19103F-16F7-4668-BE54-9A1E7A4F7556}") = "Fluxograma_Pacheco", "Fluxograma_Pacheco\Fluxograma_Pacheco.csproj", "{7426A7F0-D2F4-48A3-BF58-E727C75C3321}"
EndProject
Project("{FAE04EC0-301F-11D3-BF4B-00C04F79EFBC}") = "FluxogramaTest", "FluxogramaTest\FluxogramaTest.csproj", "{6C593BBA-9E73-47DE-AB65-A84B0B8F27BA}"
EndProject
Global
	GlobalSection(SolutionConfigurationPlatforms) = preSolution
		Debug|Any CPU = Debug|Any CPU
		Release|Any CPU = Release|Any CPU
	EndGlobalSection
	GlobalSection(ProjectConfigurationPlatforms) = postSolution
		{7426A7F0-D2F4-48A3-BF58-E727C75C3321}.Debug|Any CPU.ActiveCfg = Debug|Any CPU
		{7426A7F0-D2F4-48A3-BF58-E727C75C3321}.Debug|Any CPU.Build.0 = Debug|Any CPU
		{7426A7F0-D2F4-48A3-BF58-E727C75C3321}.Release|Any CPU.ActiveCfg = Release|Any CPU
		{7426A7F0-D2F4-48A3-BF58-E727C75C3321}.Release|Any CPU.Build.0 = Release|Any CPU
		{6C593BBA-9E73-47DE-AB65-A84B0B8F27BA}.Debug|Any CPU.ActiveCfg = Debug|Any CPU
		{6C593BBA-9E73-47DE-AB65-A84B0B8F27BA}.Debug|Any CPU.Build.0 = Debug|Any CPU
		{6C593BBA-9E73-47DE-AB65-A84B0B8F27BA}.Release|Any CPU.ActiveCfg = Release|Any CPU
		{6C593BBA-9E73-47DE-AB65-A84B0B8F27BA}.Release|Any CPU.Build.0 = Release|Any CPU
	EndGlobalSection
	GlobalSection(SolutionProperties) = preSolution
		HideSolutionNode = FALSE
	EndGlobalSection
	GlobalSection(ExtensibilityGlobals) = postSolution
		SolutionGuid = {8BBD7475-F575-4C3C-8B4A-A83D2B16815B}
	EndGlobalSection
EndGlobal
